
Microsoft Visual Studio Solution File, Format Version 12.00
# Visual Studio 14
VisualStudioVersion = 14.0.25420.1
MinimumVisualStudioVersion = 10.0.40219.1
Project("{FAE04EC0-301F-11D3-BF4B-00C04F79EFBC}") = "Water_checker", "App1\Water_checker.csproj", "{DB3DFA33-A7D6-45D5-B639-CDB314206540}"
EndProject
Project("{FAE04EC0-301F-11D3-BF4B-00C04F79EFBC}") = "water_checker_api", "water_checker_api\water_checker_api.csproj", "{3944D0C9-F3C8-4B74-ADCA-C02A550DC6A6}"
EndProject
Project("{FAE04EC0-301F-11D3-BF4B-00C04F79EFBC}") = "WaterCheckerApp", "WaterCheckerApp\WaterCheckerApp.csproj", "{F76FA54B-A2BC-4412-8693-507E63FD294B}"
EndProject
Global
	GlobalSection(SolutionConfigurationPlatforms) = preSolution
		Debug|Any CPU = Debug|Any CPU
		Debug|ARM = Debug|ARM
		Debug|x64 = Debug|x64
		Debug|x86 = Debug|x86
		Release|Any CPU = Release|Any CPU
		Release|ARM = Release|ARM
		Release|x64 = Release|x64
		Release|x86 = Release|x86
	EndGlobalSection
	GlobalSection(ProjectConfigurationPlatforms) = postSolution
		{DB3DFA33-A7D6-45D5-B639-CDB314206540}.Debug|Any CPU.ActiveCfg = Debug|x86
		{DB3DFA33-A7D6-45D5-B639-CDB314206540}.Debug|ARM.ActiveCfg = Debug|ARM
		{DB3DFA33-A7D6-45D5-B639-CDB314206540}.Debug|ARM.Build.0 = Debug|ARM
		{DB3DFA33-A7D6-45D5-B639-CDB314206540}.Debug|ARM.Deploy.0 = Debug|ARM
		{DB3DFA33-A7D6-45D5-B639-CDB314206540}.Debug|x64.ActiveCfg = Debug|x64
		{DB3DFA33-A7D6-45D5-B639-CDB314206540}.Debug|x64.Build.0 = Debug|x64
		{DB3DFA33-A7D6-45D5-B639-CDB314206540}.Debug|x64.Deploy.0 = Debug|x64
		{DB3DFA33-A7D6-45D5-B639-CDB314206540}.Debug|x86.ActiveCfg = Debug|x86
		{DB3DFA33-A7D6-45D5-B639-CDB314206540}.Debug|x86.Build.0 = Debug|x86
		{DB3DFA33-A7D6-45D5-B639-CDB314206540}.Debug|x86.Deploy.0 = Debug|x86
		{DB3DFA33-A7D6-45D5-B639-CDB314206540}.Release|Any CPU.ActiveCfg = Release|x86
		{DB3DFA33-A7D6-45D5-B639-CDB314206540}.Release|ARM.ActiveCfg = Release|ARM
		{DB3DFA33-A7D6-45D5-B639-CDB314206540}.Release|ARM.Build.0 = Release|ARM
		{DB3DFA33-A7D6-45D5-B639-CDB314206540}.Release|ARM.Deploy.0 = Release|ARM
		{DB3DFA33-A7D6-45D5-B639-CDB314206540}.Release|x64.ActiveCfg = Release|x64
		{DB3DFA33-A7D6-45D5-B639-CDB314206540}.Release|x64.Build.0 = Release|x64
		{DB3DFA33-A7D6-45D5-B639-CDB314206540}.Release|x64.Deploy.0 = Release|x64
		{DB3DFA33-A7D6-45D5-B639-CDB314206540}.Release|x86.ActiveCfg = Release|x86
		{DB3DFA33-A7D6-45D5-B639-CDB314206540}.Release|x86.Build.0 = Release|x86
		{DB3DFA33-A7D6-45D5-B639-CDB314206540}.Release|x86.Deploy.0 = Release|x86
		{3944D0C9-F3C8-4B74-ADCA-C02A550DC6A6}.Debug|Any CPU.ActiveCfg = Debug|Any CPU
		{3944D0C9-F3C8-4B74-ADCA-C02A550DC6A6}.Debug|Any CPU.Build.0 = Debug|Any CPU
		{3944D0C9-F3C8-4B74-ADCA-C02A550DC6A6}.Debug|ARM.ActiveCfg = Debug|Any CPU
		{3944D0C9-F3C8-4B74-ADCA-C02A550DC6A6}.Debug|ARM.Build.0 = Debug|Any CPU
		{3944D0C9-F3C8-4B74-ADCA-C02A550DC6A6}.Debug|x64.ActiveCfg = Debug|Any CPU
		{3944D0C9-F3C8-4B74-ADCA-C02A550DC6A6}.Debug|x64.Build.0 = Debug|Any CPU
		{3944D0C9-F3C8-4B74-ADCA-C02A550DC6A6}.Debug|x86.ActiveCfg = Debug|Any CPU
		{3944D0C9-F3C8-4B74-ADCA-C02A550DC6A6}.Debug|x86.Build.0 = Debug|Any CPU
		{3944D0C9-F3C8-4B74-ADCA-C02A550DC6A6}.Release|Any CPU.ActiveCfg = Release|Any CPU
		{3944D0C9-F3C8-4B74-ADCA-C02A550DC6A6}.Release|Any CPU.Build.0 = Release|Any CPU
		{3944D0C9-F3C8-4B74-ADCA-C02A550DC6A6}.Release|ARM.ActiveCfg = Release|Any CPU
		{3944D0C9-F3C8-4B74-ADCA-C02A550DC6A6}.Release|ARM.Build.0 = Release|Any CPU
		{3944D0C9-F3C8-4B74-ADCA-C02A550DC6A6}.Release|x64.ActiveCfg = Release|Any CPU
		{3944D0C9-F3C8-4B74-ADCA-C02A550DC6A6}.Release|x64.Build.0 = Release|Any CPU
		{3944D0C9-F3C8-4B74-ADCA-C02A550DC6A6}.Release|x86.ActiveCfg = Release|Any CPU
		{3944D0C9-F3C8-4B74-ADCA-C02A550DC6A6}.Release|x86.Build.0 = Release|Any CPU
		{F76FA54B-A2BC-4412-8693-507E63FD294B}.Debug|Any CPU.ActiveCfg = Debug|Any CPU
		{F76FA54B-A2BC-4412-8693-507E63FD294B}.Debug|Any CPU.Build.0 = Debug|Any CPU
		{F76FA54B-A2BC-4412-8693-507E63FD294B}.Debug|ARM.ActiveCfg = Debug|Any CPU
		{F76FA54B-A2BC-4412-8693-507E63FD294B}.Debug|ARM.Build.0 = Debug|Any CPU
		{F76FA54B-A2BC-4412-8693-507E63FD294B}.Debug|x64.ActiveCfg = Debug|Any CPU
		{F76FA54B-A2BC-4412-8693-507E63FD294B}.Debug|x64.Build.0 = Debug|Any CPU
		{F76FA54B-A2BC-4412-8693-507E63FD294B}.Debug|x86.ActiveCfg = Debug|Any CPU
		{F76FA54B-A2BC-4412-8693-507E63FD294B}.Debug|x86.Build.0 = Debug|Any CPU
		{F76FA54B-A2BC-4412-8693-507E63FD294B}.Release|Any CPU.ActiveCfg = Release|Any CPU
		{F76FA54B-A2BC-4412-8693-507E63FD294B}.Release|Any CPU.Build.0 = Release|Any CPU
		{F76FA54B-A2BC-4412-8693-507E63FD294B}.Release|ARM.ActiveCfg = Release|Any CPU
		{F76FA54B-A2BC-4412-8693-507E63FD294B}.Release|ARM.Build.0 = Release|Any CPU
		{F76FA54B-A2BC-4412-8693-507E63FD294B}.Release|x64.ActiveCfg = Release|Any CPU
		{F76FA54B-A2BC-4412-8693-507E63FD294B}.Release|x64.Build.0 = Release|Any CPU
		{F76FA54B-A2BC-4412-8693-507E63FD294B}.Release|x86.ActiveCfg = Release|Any CPU
		{F76FA54B-A2BC-4412-8693-507E63FD294B}.Release|x86.Build.0 = Release|Any CPU
	EndGlobalSection
	GlobalSection(SolutionProperties) = preSolution
		HideSolutionNode = FALSE
	EndGlobalSection
EndGlobal
